
Microsoft Visual Studio Solution File, Format Version 12.00
# Visual Studio Version 16
VisualStudioVersion = 16.0.28803.452
MinimumVisualStudioVersion = 10.0.40219.1
Project("{FAE04EC0-301F-11D3-BF4B-00C04F79EFBC}") = "ListView", "ListView\ListView.csproj", "{FF4D693E-D96A-467B-9080-5B2EE5500AA2}"
EndProject
Global
	GlobalSection(SolutionConfigurationPlatforms) = preSolution
		Debug|Any CPU = Debug|Any CPU
		Release|Any CPU = Release|Any CPU
	EndGlobalSection
	GlobalSection(ProjectConfigurationPlatforms) = postSolution
		{FF4D693E-D96A-467B-9080-5B2EE5500AA2}.Debug|Any CPU.ActiveCfg = Debug|Any CPU
		{FF4D693E-D96A-467B-9080-5B2EE5500AA2}.Debug|Any CPU.Build.0 = Debug|Any CPU
		{FF4D693E-D96A-467B-9080-5B2EE5500AA2}.Release|Any CPU.ActiveCfg = Release|Any CPU
		{FF4D693E-D96A-467B-9080-5B2EE5500AA2}.Release|Any CPU.Build.0 = Release|Any CPU
	EndGlobalSection
	GlobalSection(SolutionProperties) = preSolution
		HideSolutionNode = FALSE
	EndGlobalSection
	GlobalSection(ExtensibilityGlobals) = postSolution
		SolutionGuid = {2B781239-8D46-4934-AC0F-03D9D5EC0BE4}
	EndGlobalSection
EndGlobal
